schema: '2.0'
stages:
  train_file_new:
    cmd: python train_file_new.py --img 640 --batch 32 --epochs 2 --data coco128.yaml
      --weights yolov5n.pt
    outs:
    - path: new_timing_info.json
      md5: cc1d1428e2c1f80144a0ef3fe404e288
      size: 201
  detect_file_new:
    cmd: python detect_file_new.py --weights best.onnx --source /content/drive/MyDrive/DVC/test
    deps:
    - path: new_timing_info.json
      md5: cc1d1428e2c1f80144a0ef3fe404e288
      size: 201
    outs:
    - path: detect_timing_info.json
      md5: d3b4a0df7ff4824c6c29f6a217b05719
      size: 48
