[[package]]
name = "absl-py"
version = "2.0.0"
description = "Abseil Python Common Libraries, see https://github.com/abseil/abseil-py."
category = "main"
optional = false
python-versions = ">=3.7"

[[package]]
name = "cachetools"
version = "5.3.1"
description = "Extensible memoizing collections and decorators"
category = "main"
optional = false
python-versions = ">=3.7"

[[package]]
name = "certifi"
version = "2023.7.22"
description = "Python package for providing Mozilla's CA Bundle."
category = "main"
optional = false
python-versions = ">=3.6"

[[package]]
name = "cfgv"
version = "3.4.0"
description = "Validate configuration and produce human readable error messages."
category = "main"
optional = false
python-versions = ">=3.8"

[[package]]
name = "charset-normalizer"
version = "3.3.0"
description = "The Real First Universal Charset Detector. Open, modern and actively maintained alternative to Chardet."
category = "main"
optional = false
python-versions = ">=3.7.0"

[[package]]
name = "colorama"
version = "0.4.6"
description = "Cross-platform colored terminal text."
category = "main"
optional = false
python-versions = "!=3.0.*,!=3.1.*,!=3.2.*,!=3.3.*,!=3.4.*,!=3.5.*,!=3.6.*,>=2.7"

[[package]]
name = "contourpy"
version = "1.1.1"
description = "Python library for calculating contours of 2D quadrilateral grids"
category = "main"
optional = false
python-versions = ">=3.8"

[package.dependencies]
numpy = {version = ">=1.16,<2.0", markers = "python_version <= \"3.11\""}

[package.extras]
docs = ["furo", "sphinx (>=7.2)", "sphinx-copybutton"]
bokeh = ["bokeh", "selenium"]
mypy = ["contourpy", "docutils-stubs", "mypy (==1.4.1)", "types-pillow"]
test = ["contourpy", "matplotlib", "pillow"]
test-no-images = ["pytest", "pytest-cov", "wurlitzer"]

[[package]]
name = "cycler"
version = "0.12.0"
description = "Composable style cycles"
category = "main"
optional = false
python-versions = ">=3.8"

[package.extras]
docs = ["ipython", "matplotlib", "numpydoc", "sphinx"]
tests = ["pytest", "pytest-cov", "pytest-xdist"]

[[package]]
name = "distlib"
version = "0.3.7"
description = "Distribution utilities"
category = "main"
optional = false
python-versions = "*"

[[package]]
name = "filelock"
version = "3.12.4"
description = "A platform independent file lock."
category = "main"
optional = false
python-versions = ">=3.8"

[package.extras]
docs = ["furo (>=2023.7.26)", "sphinx-autodoc-typehints (>=1.24)", "sphinx (>=7.1.2)"]
testing = ["covdefaults (>=2.3)", "coverage (>=7.3)", "diff-cover (>=7.7)", "pytest-cov (>=4.1)", "pytest-mock (>=3.11.1)", "pytest-timeout (>=2.1)", "pytest (>=7.4)"]
typing = ["typing-extensions (>=4.7.1)"]

[[package]]
name = "fonttools"
version = "4.43.0"
description = "Tools to manipulate font files"
category = "main"
optional = false
python-versions = ">=3.8"

[package.extras]
all = ["fs (>=2.2.0,<3)", "lxml (>=4.0,<5)", "zopfli (>=0.1.4)", "lz4 (>=1.7.4.2)", "matplotlib", "sympy", "skia-pathops (>=0.5.0)", "uharfbuzz (>=0.23.0)", "brotlicffi (>=0.8.0)", "scipy", "brotli (>=1.0.1)", "munkres", "unicodedata2 (>=15.0.0)", "xattr"]
graphite = ["lz4 (>=1.7.4.2)"]
interpolatable = ["scipy", "munkres"]
lxml = ["lxml (>=4.0,<5)"]
pathops = ["skia-pathops (>=0.5.0)"]
plot = ["matplotlib"]
repacker = ["uharfbuzz (>=0.23.0)"]
symfont = ["sympy"]
type1 = ["xattr"]
ufo = ["fs (>=2.2.0,<3)"]
unicode = ["unicodedata2 (>=15.0.0)"]
woff = ["zopfli (>=0.1.4)", "brotlicffi (>=0.8.0)", "brotli (>=1.0.1)"]

[[package]]
name = "gitdb"
version = "4.0.10"
description = "Git Object Database"
category = "main"
optional = false
python-versions = ">=3.7"

[package.dependencies]
smmap = ">=3.0.1,<6"

[[package]]
name = "gitpython"
version = "3.1.37"
description = "GitPython is a Python library used to interact with Git repositories"
category = "main"
optional = false
python-versions = ">=3.7"

[package.dependencies]
gitdb = ">=4.0.1,<5"

[package.extras]
test = ["black", "coverage", "ddt (>=1.1.1,!=1.4.3)", "mypy", "pre-commit", "pytest", "pytest-cov", "pytest-sugar"]

[[package]]
name = "google-auth"
version = "2.23.2"
description = "Google Authentication Library"
category = "main"
optional = false
python-versions = ">=3.7"

[package.dependencies]
cachetools = ">=2.0.0,<6.0"
pyasn1-modules = ">=0.2.1"
rsa = ">=3.1.4,<5"

[package.extras]
aiohttp = ["aiohttp (>=3.6.2,<4.0.0.dev0)", "requests (>=2.20.0,<3.0.0.dev0)"]
enterprise_cert = ["cryptography (==36.0.2)", "pyopenssl (==22.0.0)"]
pyopenssl = ["pyopenssl (>=20.0.0)", "cryptography (>=38.0.3)"]
reauth = ["pyu2f (>=0.1.5)"]
requests = ["requests (>=2.20.0,<3.0.0.dev0)"]

[[package]]
name = "google-auth-oauthlib"
version = "1.0.0"
description = "Google Authentication Library"
category = "main"
optional = false
python-versions = ">=3.6"

[package.dependencies]
google-auth = ">=2.15.0"
requests-oauthlib = ">=0.7.0"

[package.extras]
tool = ["click (>=6.0.0)"]

[[package]]
name = "grpcio"
version = "1.59.0"
description = "HTTP/2-based RPC framework"
category = "main"
optional = false
python-versions = ">=3.7"

[package.extras]
protobuf = ["grpcio-tools (>=1.59.0)"]

[[package]]
name = "identify"
version = "2.5.30"
description = "File identification library for Python"
category = "main"
optional = false
python-versions = ">=3.8"

[package.extras]
license = ["ukkonen"]

[[package]]
name = "idna"
version = "3.4"
description = "Internationalized Domain Names in Applications (IDNA)"
category = "main"
optional = false
python-versions = ">=3.5"

[[package]]
name = "importlib-metadata"
version = "6.8.0"
description = "Read metadata from Python packages"
category = "main"
optional = false
python-versions = ">=3.8"

[package.dependencies]
zipp = ">=0.5"

[package.extras]
docs = ["sphinx (>=3.5)", "jaraco.packaging (>=9)", "rst.linker (>=1.9)", "furo", "sphinx-lint", "jaraco.tidelift (>=1.4)"]
perf = ["ipython"]
testing = ["pytest (>=6)", "pytest-checkdocs (>=2.4)", "pytest-cov", "pytest-enabler (>=2.2)", "pytest-ruff", "packaging", "pyfakefs", "flufl.flake8", "pytest-perf (>=0.9.2)", "pytest-black (>=0.3.7)", "pytest-mypy (>=0.9.1)", "importlib-resources (>=1.3)"]

[[package]]
name = "importlib-resources"
version = "6.1.0"
description = "Read resources from Python packages"
category = "main"
optional = false
python-versions = ">=3.8"

[package.dependencies]
zipp = {version = ">=3.1.0", markers = "python_version < \"3.10\""}

[package.extras]
docs = ["sphinx (>=3.5)", "sphinx (<7.2.5)", "jaraco.packaging (>=9.3)", "rst.linker (>=1.9)", "furo", "sphinx-lint", "jaraco.tidelift (>=1.4)"]
testing = ["pytest (>=6)", "pytest-checkdocs (>=2.4)", "pytest-cov", "pytest-enabler (>=2.2)", "pytest-ruff", "zipp (>=3.17)", "pytest-black (>=0.3.7)", "pytest-mypy (>=0.9.1)"]

[[package]]
name = "kiwisolver"
version = "1.4.5"
description = "A fast implementation of the Cassowary constraint solver"
category = "main"
optional = false
python-versions = ">=3.7"

[[package]]
name = "markdown"
version = "3.4.4"
description = "Python implementation of John Gruber's Markdown."
category = "main"
optional = false
python-versions = ">=3.7"

[package.dependencies]
importlib-metadata = {version = ">=4.4", markers = "python_version < \"3.10\""}

[package.extras]
docs = ["mkdocs (>=1.0)", "mkdocs-nature (>=0.4)", "mdx-gh-links (>=0.2)"]
testing = ["coverage", "pyyaml"]

[[package]]
name = "markupsafe"
version = "2.1.3"
description = "Safely add untrusted strings to HTML/XML markup."
category = "main"
optional = false
python-versions = ">=3.7"

[[package]]
name = "matplotlib"
version = "3.7.3"
description = "Python plotting package"
category = "main"
optional = false
python-versions = ">=3.8"

[package.dependencies]
contourpy = ">=1.0.1"
cycler = ">=0.10"
fonttools = ">=4.22.0"
importlib-resources = {version = ">=3.2.0", markers = "python_version < \"3.10\""}
kiwisolver = ">=1.0.1"
numpy = ">=1.20,<2"
packaging = ">=20.0"
pillow = ">=6.2.0"
pyparsing = ">=2.3.1"
python-dateutil = ">=2.7"
setuptools_scm = ">=7"

[[package]]
name = "nodeenv"
version = "1.8.0"
description = "Node.js virtual environment builder"
category = "main"
optional = false
python-versions = ">=2.7,!=3.0.*,!=3.1.*,!=3.2.*,!=3.3.*,!=3.4.*,!=3.5.*,!=3.6.*"

[[package]]
name = "numpy"
version = "1.24.4"
description = "Fundamental package for array computing in Python"
category = "main"
optional = false
python-versions = ">=3.8"

[[package]]
name = "nvidia-cublas-cu11"
version = "11.10.3.66"
description = "CUBLAS native runtime libraries"
category = "main"
optional = false
python-versions = ">=3"

[[package]]
name = "nvidia-cuda-nvrtc-cu11"
version = "11.7.99"
description = "NVRTC native runtime libraries"
category = "main"
optional = false
python-versions = ">=3"

[[package]]
name = "nvidia-cuda-runtime-cu11"
version = "11.7.99"
description = "CUDA Runtime native Libraries"
category = "main"
optional = false
python-versions = ">=3"

[[package]]
name = "nvidia-cudnn-cu11"
version = "8.5.0.96"
description = "cuDNN runtime libraries"
category = "main"
optional = false
python-versions = ">=3"

[[package]]
name = "oauthlib"
version = "3.2.2"
description = "A generic, spec-compliant, thorough implementation of the OAuth request-signing logic"
category = "main"
optional = false
python-versions = ">=3.6"

[package.extras]
rsa = ["cryptography (>=3.0.0)"]
signals = ["blinker (>=1.4.0)"]
signedtoken = ["cryptography (>=3.0.0)", "pyjwt (>=2.0.0,<3)"]

[[package]]
name = "opencv-python"
version = "4.8.1.78"
description = "Wrapper package for OpenCV python bindings."
category = "main"
optional = false
python-versions = ">=3.6"

[package.dependencies]
numpy = [
    {version = ">=1.21.0", markers = "python_version <= \"3.9\" and platform_system == \"Darwin\" and platform_machine == \"arm64\""},
    {version = ">=1.19.3", markers = "python_version >= \"3.6\" and platform_system == \"Linux\" and platform_machine == \"aarch64\""},
    {version = ">=1.17.0", markers = "python_version >= \"3.7\""},
    {version = ">=1.17.3", markers = "python_version >= \"3.8\""},
]

[[package]]
name = "packaging"
version = "23.2"
description = "Core utilities for Python packages"
category = "main"
optional = false
python-versions = ">=3.7"

[[package]]
name = "pandas"
version = "1.5.3"
description = "Powerful data structures for data analysis, time series, and statistics"
category = "main"
optional = false
python-versions = ">=3.8"

[package.dependencies]
numpy = {version = ">=1.20.3", markers = "python_version < \"3.10\""}
python-dateutil = ">=2.8.1"
pytz = ">=2020.1"

[package.extras]
test = ["hypothesis (>=5.5.3)", "pytest (>=6.0)", "pytest-xdist (>=1.31)"]

[[package]]
name = "pillow"
version = "9.5.0"
description = "Python Imaging Library (Fork)"
category = "main"
optional = false
python-versions = ">=3.7"

[package.extras]
docs = ["furo", "olefile", "sphinx (>=2.4)", "sphinx-copybutton", "sphinx-inline-tabs", "sphinx-removed-in", "sphinxext-opengraph"]
tests = ["check-manifest", "coverage", "defusedxml", "markdown2", "olefile", "packaging", "pyroma", "pytest", "pytest-cov", "pytest-timeout"]

[[package]]
name = "platformdirs"
version = "3.11.0"
description = "A small Python package for determining appropriate platform-specific dirs, e.g. a \"user data dir\"."
category = "main"
optional = false
python-versions = ">=3.7"

[package.extras]
docs = ["furo (>=2023.7.26)", "proselint (>=0.13)", "sphinx-autodoc-typehints (>=1.24)", "sphinx (>=7.1.1)"]
test = ["appdirs (==1.4.4)", "covdefaults (>=2.3)", "pytest-cov (>=4.1)", "pytest-mock (>=3.11.1)", "pytest (>=7.4)"]

[[package]]
name = "pre-commit"
version = "3.4.0"
description = "A framework for managing and maintaining multi-language pre-commit hooks."
category = "main"
optional = false
python-versions = ">=3.8"

[package.dependencies]
cfgv = ">=2.0.0"
identify = ">=1.0.0"
nodeenv = ">=0.11.1"
pyyaml = ">=5.1"
virtualenv = ">=20.10.0"

[[package]]
name = "protobuf"
version = "4.24.3"
description = ""
category = "main"
optional = false
python-versions = ">=3.7"

[[package]]
name = "psutil"
version = "5.9.5"
description = "Cross-platform lib for process and system monitoring in Python."
category = "main"
optional = false
python-versions = ">=2.7, !=3.0.*, !=3.1.*, !=3.2.*, !=3.3.*"

[package.extras]
test = ["ipaddress", "mock", "enum34", "pywin32", "wmi"]

[[package]]
name = "pyasn1"
version = "0.5.0"
description = "Pure-Python implementation of ASN.1 types and DER/BER/CER codecs (X.208)"
category = "main"
optional = false
python-versions = "!=3.0.*,!=3.1.*,!=3.2.*,!=3.3.*,!=3.4.*,!=3.5.*,>=2.7"

[[package]]
name = "pyasn1-modules"
version = "0.3.0"
description = "A collection of ASN.1-based protocols modules"
category = "main"
optional = false
python-versions = "!=3.0.*,!=3.1.*,!=3.2.*,!=3.3.*,!=3.4.*,!=3.5.*,>=2.7"

[package.dependencies]
pyasn1 = ">=0.4.6,<0.6.0"

[[package]]
name = "pyparsing"
version = "3.1.1"
description = "pyparsing module - Classes and methods to define and execute parsing grammars"
category = "main"
optional = false
python-versions = ">=3.6.8"

[package.extras]
diagrams = ["railroad-diagrams", "jinja2"]

[[package]]
name = "python-dateutil"
version = "2.8.2"
description = "Extensions to the standard Python datetime module"
category = "main"
optional = false
python-versions = "!=3.0.*,!=3.1.*,!=3.2.*,>=2.7"

[package.dependencies]
six = ">=1.5"

[[package]]
name = "pytz"
version = "2023.3.post1"
description = "World timezone definitions, modern and historical"
category = "main"
optional = false
python-versions = "*"

[[package]]
name = "pyyaml"
version = "6.0.1"
description = "YAML parser and emitter for Python"
category = "main"
optional = false
python-versions = ">=3.6"

[[package]]
name = "requests"
version = "2.31.0"
description = "Python HTTP for Humans."
category = "main"
optional = false
python-versions = ">=3.7"

[package.dependencies]
certifi = ">=2017.4.17"
charset-normalizer = ">=2,<4"
idna = ">=2.5,<4"
urllib3 = ">=1.21.1,<3"

[package.extras]
socks = ["PySocks (>=1.5.6,!=1.5.7)"]
use_chardet_on_py3 = ["chardet (>=3.0.2,<6)"]

[[package]]
name = "requests-oauthlib"
version = "1.3.1"
description = "OAuthlib authentication support for Requests."
category = "main"
optional = false
python-versions = ">=2.7, !=3.0.*, !=3.1.*, !=3.2.*, !=3.3.*"

[package.dependencies]
oauthlib = ">=3.0.0"
requests = ">=2.0.0"

[package.extras]
rsa = ["oauthlib[signedtoken] (>=3.0.0)"]

[[package]]
name = "rsa"
version = "4.9"
description = "Pure-Python RSA implementation"
category = "main"
optional = false
python-versions = ">=3.6,<4"

[package.dependencies]
pyasn1 = ">=0.1.3"

[[package]]
name = "scipy"
version = "1.10.1"
description = "Fundamental algorithms for scientific computing in Python"
category = "main"
optional = false
python-versions = "<3.12,>=3.8"

[package.dependencies]
numpy = ">=1.19.5,<1.27.0"

[package.extras]
test = ["pytest", "pytest-cov", "pytest-timeout", "pytest-xdist", "asv", "mpmath", "gmpy2", "threadpoolctl", "scikit-umfpack", "pooch"]
doc = ["sphinx (!=4.1.0)", "pydata-sphinx-theme (==0.9.0)", "sphinx-design (>=0.2.0)", "matplotlib (>2)", "numpydoc"]
dev = ["mypy", "typing-extensions", "pycodestyle", "flake8", "rich-click", "click", "doit (>=0.36.0)", "pydevtool"]

[[package]]
name = "seaborn"
version = "0.12.2"
description = "Statistical data visualization"
category = "main"
optional = false
python-versions = ">=3.7"

[package.dependencies]
matplotlib = ">=3.1,<3.6.1 || >3.6.1"
numpy = ">=1.17,<1.24.0 || >1.24.0"
pandas = ">=0.25"

[package.extras]
dev = ["pytest", "pytest-cov", "pytest-xdist", "flake8", "mypy", "pandas-stubs", "pre-commit", "flit"]
docs = ["numpydoc", "nbconvert", "ipykernel", "sphinx-copybutton", "sphinx-issues", "sphinx-design", "pyyaml", "pydata_sphinx_theme (==0.10.0rc2)"]
stats = ["scipy (>=1.3)", "statsmodels (>=0.10)"]

[[package]]
name = "setuptools-scm"
version = "8.0.4"
description = "the blessed package to manage your versions by scm tags"
category = "main"
optional = false
python-versions = ">=3.8"

[package.dependencies]
packaging = ">=20"
tomli = {version = ">=1", markers = "python_version < \"3.11\""}
typing-extensions = "*"

[package.extras]
docs = ["entangled-cli", "mkdocs", "mkdocs-entangled-plugin", "mkdocs-material", "mkdocstrings", "pygments"]
rich = ["rich"]
test = ["build", "pytest", "rich", "wheel"]

[[package]]
name = "six"
version = "1.16.0"
description = "Python 2 and 3 compatibility utilities"
category = "main"
optional = false
python-versions = ">=2.7, !=3.0.*, !=3.1.*, !=3.2.*"

[[package]]
name = "smmap"
version = "5.0.1"
description = "A pure Python implementation of a sliding window memory map manager"
category = "main"
optional = false
python-versions = ">=3.7"

[[package]]
name = "tensorboard"
version = "2.14.0"
description = "TensorBoard lets you watch Tensors Flow"
category = "main"
optional = false
python-versions = ">=3.8"

[package.dependencies]
absl-py = ">=0.4"
google-auth = ">=1.6.3,<3"
google-auth-oauthlib = ">=0.5,<1.1"
grpcio = ">=1.48.2"
markdown = ">=2.6.8"
numpy = ">=1.12.0"
protobuf = ">=3.19.6"
requests = ">=2.21.0,<3"
tensorboard-data-server = ">=0.7.0,<0.8.0"
werkzeug = ">=1.0.1"

[[package]]
name = "tensorboard-data-server"
version = "0.7.1"
description = "Fast data loading for TensorBoard"
category = "main"
optional = false
python-versions = ">=3.7"

[[package]]
name = "thop"
version = "0.1.1.post2209072238"
description = "A tool to count the FLOPs of PyTorch model."
category = "main"
optional = false
python-versions = "*"

[package.dependencies]
torch = "*"

[[package]]
name = "toml"
version = "0.10.2"
description = "Python Library for Tom's Obvious, Minimal Language"
category = "main"
optional = false
python-versions = ">=2.6, !=3.0.*, !=3.1.*, !=3.2.*"

[[package]]
name = "tomli"
version = "2.0.1"
description = "A lil' TOML parser"
category = "main"
optional = false
python-versions = ">=3.7"

[[package]]
name = "torch"
version = "1.13.1"
description = "Tensors and Dynamic neural networks in Python with strong GPU acceleration"
category = "main"
optional = false
python-versions = ">=3.7.0"

[package.dependencies]
nvidia-cublas-cu11 = {version = "11.10.3.66", markers = "platform_system == \"Linux\""}
nvidia-cuda-nvrtc-cu11 = {version = "11.7.99", markers = "platform_system == \"Linux\""}
nvidia-cuda-runtime-cu11 = {version = "11.7.99", markers = "platform_system == \"Linux\""}
nvidia-cudnn-cu11 = {version = "8.5.0.96", markers = "platform_system == \"Linux\""}
typing-extensions = "*"

[package.extras]
opt-einsum = ["opt-einsum (>=3.3)"]

[[package]]
name = "torchvision"
version = "0.14.1"
description = "image and video datasets and models for torch deep learning"
category = "main"
optional = false
python-versions = ">=3.7"

[package.dependencies]
numpy = "*"
pillow = ">=5.3.0,<8.3.0 || >=8.4.0"
requests = "*"
torch = "1.13.1"
typing-extensions = "*"

[package.extras]
scipy = ["scipy"]

[[package]]
name = "tqdm"
version = "4.66.1"
description = "Fast, Extensible Progress Meter"
category = "main"
optional = false
python-versions = ">=3.7"

[package.dependencies]
colorama = {version = "*", markers = "platform_system == \"Windows\""}

[package.extras]
dev = ["pytest (>=6)", "pytest-cov", "pytest-timeout", "pytest-xdist"]
notebook = ["ipywidgets (>=6)"]
slack = ["slack-sdk"]
telegram = ["requests"]

[[package]]
name = "typing-extensions"
version = "4.8.0"
description = "Backported and Experimental Type Hints for Python 3.8+"
category = "main"
optional = false
python-versions = ">=3.8"

[[package]]
name = "urllib3"
version = "2.0.6"
description = "HTTP library with thread-safe connection pooling, file post, and more."
category = "main"
optional = false
python-versions = ">=3.7"

[package.extras]
brotli = ["brotli (>=1.0.9)", "brotlicffi (>=0.8.0)"]
secure = ["certifi", "cryptography (>=1.9)", "idna (>=2.0.0)", "pyopenssl (>=17.1.0)", "urllib3-secure-extra"]
socks = ["pysocks (>=1.5.6,!=1.5.7,<2.0)"]
zstd = ["zstandard (>=0.18.0)"]

[[package]]
name = "virtualenv"
version = "20.24.5"
description = "Virtual Python Environment builder"
category = "main"
optional = false
python-versions = ">=3.7"

[package.dependencies]
distlib = ">=0.3.7,<1"
filelock = ">=3.12.2,<4"
platformdirs = ">=3.9.1,<4"

[package.extras]
docs = ["furo (>=2023.7.26)", "proselint (>=0.13)", "sphinx-argparse (>=0.4)", "sphinx (>=7.1.2)", "sphinxcontrib-towncrier (>=0.2.1a0)", "towncrier (>=23.6)"]
test = ["covdefaults (>=2.3)", "coverage-enable-subprocess (>=1)", "coverage (>=7.2.7)", "flaky (>=3.7)", "packaging (>=23.1)", "pytest-env (>=0.8.2)", "pytest-freezer (>=0.4.8)", "pytest-mock (>=3.11.1)", "pytest-randomly (>=3.12)", "pytest-timeout (>=2.1)", "pytest (>=7.4)", "setuptools (>=68)", "time-machine (>=2.10)"]

[[package]]
name = "werkzeug"
version = "3.0.0"
description = "The comprehensive WSGI web application library."
category = "main"
optional = false
python-versions = ">=3.8"

[package.dependencies]
MarkupSafe = ">=2.1.1"

[package.extras]
watchdog = ["watchdog (>=2.3)"]

[[package]]
name = "yapf"
version = "0.32.0"
description = "A formatter for Python code."
category = "main"
optional = false
python-versions = "*"

[[package]]
name = "zipp"
version = "3.17.0"
description = "Backport of pathlib-compatible object wrapper for zip files"
category = "main"
optional = false
python-versions = ">=3.8"

[package.extras]
docs = ["sphinx (>=3.5)", "sphinx (<7.2.5)", "jaraco.packaging (>=9.3)", "rst.linker (>=1.9)", "furo", "sphinx-lint", "jaraco.tidelift (>=1.4)"]
testing = ["pytest (>=6)", "pytest-checkdocs (>=2.4)", "pytest-cov", "pytest-enabler (>=2.2)", "pytest-ruff", "jaraco.itertools", "jaraco.functools", "more-itertools", "big-o", "pytest-ignore-flaky", "pytest-black (>=0.3.7)", "pytest-mypy (>=0.9.1)"]

[metadata]
lock-version = "1.1"
python-versions = "~3.8"
content-hash = "6aef3eb36770334baed17ce04ab0b0fa689f0a7ed15027c2a806c18e1801e061"

[metadata.files]
absl-py = []
cachetools = []
certifi = []
cfgv = []
charset-normalizer = []
colorama = []
contourpy = []
cycler = []
distlib = []
filelock = []
fonttools = []
gitdb = []
gitpython = []
google-auth = []
google-auth-oauthlib = []
grpcio = []
identify = []
idna = []
importlib-metadata = []
importlib-resources = []
kiwisolver = []
markdown = []
markupsafe = []
matplotlib = []
nodeenv = []
numpy = []
nvidia-cublas-cu11 = []
nvidia-cuda-nvrtc-cu11 = []
nvidia-cuda-runtime-cu11 = []
nvidia-cudnn-cu11 = []
oauthlib = []
opencv-python = []
packaging = []
pandas = []
pillow = []
platformdirs = []
pre-commit = []
protobuf = []
psutil = []
pyasn1 = []
pyasn1-modules = []
pyparsing = []
python-dateutil = [
    {file = "python-dateutil-2.8.2.tar.gz", hash = "sha256:0123cacc1627ae19ddf3c27a5de5bd67ee4586fbdd6440d9748f8abb483d3e86"},
    {file = "python_dateutil-2.8.2-py2.py3-none-any.whl", hash = "sha256:961d03dc3453ebbc59dbdea9e4e11c5651520a876d0f4db161e8674aae935da9"},
]
pytz = []
pyyaml = []
requests = []
requests-oauthlib = [
    {file = "requests-oauthlib-1.3.1.tar.gz", hash = "sha256:75beac4a47881eeb94d5ea5d6ad31ef88856affe2332b9aafb52c6452ccf0d7a"},
    {file = "requests_oauthlib-1.3.1-py2.py3-none-any.whl", hash = "sha256:2577c501a2fb8d05a304c09d090d6e47c306fef15809d102b327cf8364bddab5"},
]
rsa = []
scipy = []
seaborn = []
setuptools-scm = []
six = [
    {file = "six-1.16.0-py2.py3-none-any.whl", hash = "sha256:8abb2f1d86890a2dfb989f9a77cfcfd3e47c2a354b01111771326f8aa26e0254"},
    {file = "six-1.16.0.tar.gz", hash = "sha256:1e61c37477a1626458e36f7b1d82aa5c9b094fa4802892072e49de9c60c4c926"},
]
smmap = []
tensorboard = []
tensorboard-data-server = []
thop = []
toml = [
    {file = "toml-0.10.2-py2.py3-none-any.whl", hash = "sha256:806143ae5bfb6a3c6e736a764057db0e6a0e05e338b5630894a5f779cabb4f9b"},
    {file = "toml-0.10.2.tar.gz", hash = "sha256:b3bda1d108d5dd99f4a20d24d9c348e91c4db7ab1b749200bded2f839ccbe68f"},
]
tomli = [
    {file = "tomli-2.0.1-py3-none-any.whl", hash = "sha256:939de3e7a6161af0c887ef91b7d41a53e7c5a1ca976325f429cb46ea9bc30ecc"},
    {file = "tomli-2.0.1.tar.gz", hash = "sha256:de526c12914f0c550d15924c62d72abc48d6fe7364aa87328337a31007fe8a4f"},
]
torch = []
torchvision = []
tqdm = []
typing-extensions = []
urllib3 = []
virtualenv = []
werkzeug = []
yapf = []
zipp = []
